
Microsoft Visual Studio Solution File, Format Version 12.00
# Visual Studio Version 17
VisualStudioVersion = 17.2.32630.192
MinimumVisualStudioVersion = 10.0.40219.1
Project("{FAE04EC0-301F-11D3-BF4B-00C04F79EFBC}") = "FriesBSCameraPlugin", "TestProject\FriesBSCameraPlugin.csproj", "{B7D82AFE-AB72-465E-A639-94FFD6BAF29B}"
EndProject
Global
	GlobalSection(SolutionConfigurationPlatforms) = preSolution
		Debug|Any CPU = Debug|Any CPU
		Debug|x64 = Debug|x64
		Plugin|Any CPU = Plugin|Any CPU
		Plugin|x64 = Plugin|x64
		Release|Any CPU = Release|Any CPU
		Release|x64 = Release|x64
	EndGlobalSection
	GlobalSection(ProjectConfigurationPlatforms) = postSolution
		{B7D82AFE-AB72-465E-A639-94FFD6BAF29B}.Debug|Any CPU.ActiveCfg = Debug|Any CPU
		{B7D82AFE-AB72-465E-A639-94FFD6BAF29B}.Debug|Any CPU.Build.0 = Debug|Any CPU
		{B7D82AFE-AB72-465E-A639-94FFD6BAF29B}.Debug|x64.ActiveCfg = Debug|Any CPU
		{B7D82AFE-AB72-465E-A639-94FFD6BAF29B}.Debug|x64.Build.0 = Debug|Any CPU
		{B7D82AFE-AB72-465E-A639-94FFD6BAF29B}.Plugin|Any CPU.ActiveCfg = Debug|Any CPU
		{B7D82AFE-AB72-465E-A639-94FFD6BAF29B}.Plugin|Any CPU.Build.0 = Debug|Any CPU
		{B7D82AFE-AB72-465E-A639-94FFD6BAF29B}.Plugin|x64.ActiveCfg = Debug|Any CPU
		{B7D82AFE-AB72-465E-A639-94FFD6BAF29B}.Plugin|x64.Build.0 = Debug|Any CPU
		{B7D82AFE-AB72-465E-A639-94FFD6BAF29B}.Release|Any CPU.ActiveCfg = Release|Any CPU
		{B7D82AFE-AB72-465E-A639-94FFD6BAF29B}.Release|Any CPU.Build.0 = Release|Any CPU
		{B7D82AFE-AB72-465E-A639-94FFD6BAF29B}.Release|x64.ActiveCfg = Release|Any CPU
		{B7D82AFE-AB72-465E-A639-94FFD6BAF29B}.Release|x64.Build.0 = Release|Any CPU
	EndGlobalSection
	GlobalSection(SolutionProperties) = preSolution
		HideSolutionNode = FALSE
	EndGlobalSection
	GlobalSection(ExtensibilityGlobals) = postSolution
		SolutionGuid = {2B5586F2-0032-465C-AA27-A30922505C03}
	EndGlobalSection
EndGlobal
