
Microsoft Visual Studio Solution File, Format Version 12.00
# Visual Studio Version 17
VisualStudioVersion = 17.2.32630.192
MinimumVisualStudioVersion = 10.0.40219.1
Project("{9A19103F-16F7-4668-BE54-9A1E7A4F7556}") = "FriesBSCameraPlugin", "TestProject\FriesBSCameraPlugin.csproj", "{B7D82AFE-AB72-465E-A639-94FFD6BAF29B}"
EndProject
Project("{8BC9CEB8-8B4A-11D0-8D11-00A0C91BC942}") = "AudioCapture", "AudioCapture\AudioCapture.vcxproj", "{C8B9EA07-7F05-4729-AA28-5090CF65CAC0}"
EndProject
Global
	GlobalSection(SolutionConfigurationPlatforms) = preSolution
		Debug|Any CPU = Debug|Any CPU
		Plugin|Any CPU = Plugin|Any CPU
		Release|Any CPU = Release|Any CPU
		UnityEditor|Any CPU = UnityEditor|Any CPU
		UnityEditorDebug|Any CPU = UnityEditorDebug|Any CPU
	EndGlobalSection
	GlobalSection(ProjectConfigurationPlatforms) = postSolution
		{B7D82AFE-AB72-465E-A639-94FFD6BAF29B}.Debug|Any CPU.ActiveCfg = Debug|Any CPU
		{B7D82AFE-AB72-465E-A639-94FFD6BAF29B}.Debug|Any CPU.Build.0 = Debug|Any CPU
		{B7D82AFE-AB72-465E-A639-94FFD6BAF29B}.Plugin|Any CPU.ActiveCfg = Debug|Any CPU
		{B7D82AFE-AB72-465E-A639-94FFD6BAF29B}.Plugin|Any CPU.Build.0 = Debug|Any CPU
		{B7D82AFE-AB72-465E-A639-94FFD6BAF29B}.Release|Any CPU.ActiveCfg = Release|Any CPU
		{B7D82AFE-AB72-465E-A639-94FFD6BAF29B}.Release|Any CPU.Build.0 = Release|Any CPU
		{B7D82AFE-AB72-465E-A639-94FFD6BAF29B}.UnityEditor|Any CPU.ActiveCfg = UnityEditor|Any CPU
		{B7D82AFE-AB72-465E-A639-94FFD6BAF29B}.UnityEditor|Any CPU.Build.0 = UnityEditor|Any CPU
		{B7D82AFE-AB72-465E-A639-94FFD6BAF29B}.UnityEditorDebug|Any CPU.ActiveCfg = UnityEditorDebug|Any CPU
		{B7D82AFE-AB72-465E-A639-94FFD6BAF29B}.UnityEditorDebug|Any CPU.Build.0 = UnityEditorDebug|Any CPU
		{C8B9EA07-7F05-4729-AA28-5090CF65CAC0}.Debug|Any CPU.ActiveCfg = Debug|x64
		{C8B9EA07-7F05-4729-AA28-5090CF65CAC0}.Debug|Any CPU.Build.0 = Debug|x64
		{C8B9EA07-7F05-4729-AA28-5090CF65CAC0}.Plugin|Any CPU.ActiveCfg = Debug|x64
		{C8B9EA07-7F05-4729-AA28-5090CF65CAC0}.Plugin|Any CPU.Build.0 = Debug|x64
		{C8B9EA07-7F05-4729-AA28-5090CF65CAC0}.Release|Any CPU.ActiveCfg = Release|x64
		{C8B9EA07-7F05-4729-AA28-5090CF65CAC0}.Release|Any CPU.Build.0 = Release|x64
		{C8B9EA07-7F05-4729-AA28-5090CF65CAC0}.UnityEditor|Any CPU.ActiveCfg = UnityEditor|x64
		{C8B9EA07-7F05-4729-AA28-5090CF65CAC0}.UnityEditor|Any CPU.Build.0 = UnityEditor|x64
		{C8B9EA07-7F05-4729-AA28-5090CF65CAC0}.UnityEditorDebug|Any CPU.ActiveCfg = UnityEditorDebug|x64
		{C8B9EA07-7F05-4729-AA28-5090CF65CAC0}.UnityEditorDebug|Any CPU.Build.0 = UnityEditorDebug|x64
	EndGlobalSection
	GlobalSection(SolutionProperties) = preSolution
		HideSolutionNode = FALSE
	EndGlobalSection
	GlobalSection(ExtensibilityGlobals) = postSolution
		SolutionGuid = {2B5586F2-0032-465C-AA27-A30922505C03}
	EndGlobalSection
EndGlobal
